// !$*UTF8*$!
{
	archiveVersion = 1;
	classes = {
	};
	objectVersion = 56;
	objects = {

/* Begin PBXBuildFile section */
		AE5B77372AEBCB810061DEC4 /* AppetizersApp.swift in Sources */ = {isa = PBXBuildFile; fileRef = AE5B77362AEBCB810061DEC4 /* AppetizersApp.swift */; };
		AE5B77392AEBCB810061DEC4 /* HomeView.swift in Sources */ = {isa = PBXBuildFile; fileRef = AE5B77382AEBCB810061DEC4 /* HomeView.swift */; };
		AE5B773B2AEBCB820061DEC4 /* Assets.xcassets in Resources */ = {isa = PBXBuildFile; fileRef = AE5B773A2AEBCB820061DEC4 /* Assets.xcassets */; };
		AE5B773E2AEBCB820061DEC4 /* Preview Assets.xcassets in Resources */ = {isa = PBXBuildFile; fileRef = AE5B773D2AEBCB820061DEC4 /* Preview Assets.xcassets */; };
		AE5B77482AEBCD320061DEC4 /* AppetizerListView.swift in Sources */ = {isa = PBXBuildFile; fileRef = AE5B77472AEBCD320061DEC4 /* AppetizerListView.swift */; };
		AE5B774C2AEBCDA60061DEC4 /* OrderView.swift in Sources */ = {isa = PBXBuildFile; fileRef = AE5B774B2AEBCDA60061DEC4 /* OrderView.swift */; };
		AE5B774F2AEBCDB70061DEC4 /* AccountView.swift in Sources */ = {isa = PBXBuildFile; fileRef = AE5B774E2AEBCDB70061DEC4 /* AccountView.swift */; };
		AE958D4C2AEFFF1D002819D8 /* AppetizerListViewModel.swift in Sources */ = {isa = PBXBuildFile; fileRef = AE958D4B2AEFFF1D002819D8 /* AppetizerListViewModel.swift */; };
		AEB2512F2AED76610009260E /* Appetizer.swift in Sources */ = {isa = PBXBuildFile; fileRef = AEB2512E2AED76610009260E /* Appetizer.swift */; };
		AEB251332AEE63C80009260E /* AppetizerItemList.swift in Sources */ = {isa = PBXBuildFile; fileRef = AEB251322AEE63C80009260E /* AppetizerItemList.swift */; };
		AEB251362AEE74B60009260E /* NetworkManager.swift in Sources */ = {isa = PBXBuildFile; fileRef = AEB251352AEE74B60009260E /* NetworkManager.swift */; };
		AEB251382AEE7BFA0009260E /* APError.swift in Sources */ = {isa = PBXBuildFile; fileRef = AEB251372AEE7BFA0009260E /* APError.swift */; };
/* End PBXBuildFile section */

/* Begin PBXFileReference section */
		AE5B77332AEBCB810061DEC4 /* Appetizers.app */ = {isa = PBXFileReference; explicitFileType = wrapper.application; includeInIndex = 0; path = Appetizers.app; sourceTree = BUILT_PRODUCTS_DIR; };
		AE5B77362AEBCB810061DEC4 /* AppetizersApp.swift */ = {isa = PBXFileReference; lastKnownFileType = sourcecode.swift; path = AppetizersApp.swift; sourceTree = "<group>"; };
		AE5B77382AEBCB810061DEC4 /* HomeView.swift */ = {isa = PBXFileReference; lastKnownFileType = sourcecode.swift; path = HomeView.swift; sourceTree = "<group>"; };
		AE5B773A2AEBCB820061DEC4 /* Assets.xcassets */ = {isa = PBXFileReference; lastKnownFileType = folder.assetcatalog; path = Assets.xcassets; sourceTree = "<group>"; };
		AE5B773D2AEBCB820061DEC4 /* Preview Assets.xcassets */ = {isa = PBXFileReference; lastKnownFileType = folder.assetcatalog; path = "Preview Assets.xcassets"; sourceTree = "<group>"; };
		AE5B77472AEBCD320061DEC4 /* AppetizerListView.swift */ = {isa = PBXFileReference; lastKnownFileType = sourcecode.swift; path = AppetizerListView.swift; sourceTree = "<group>"; };
		AE5B774B2AEBCDA60061DEC4 /* OrderView.swift */ = {isa = PBXFileReference; lastKnownFileType = sourcecode.swift; path = OrderView.swift; sourceTree = "<group>"; };
		AE5B774E2AEBCDB70061DEC4 /* AccountView.swift */ = {isa = PBXFileReference; lastKnownFileType = sourcecode.swift; path = AccountView.swift; sourceTree = "<group>"; };
		AE958D4B2AEFFF1D002819D8 /* AppetizerListViewModel.swift */ = {isa = PBXFileReference; lastKnownFileType = sourcecode.swift; path = AppetizerListViewModel.swift; sourceTree = "<group>"; };
		AEB2512E2AED76610009260E /* Appetizer.swift */ = {isa = PBXFileReference; lastKnownFileType = sourcecode.swift; path = Appetizer.swift; sourceTree = "<group>"; };
		AEB251322AEE63C80009260E /* AppetizerItemList.swift */ = {isa = PBXFileReference; lastKnownFileType = sourcecode.swift; path = AppetizerItemList.swift; sourceTree = "<group>"; };
		AEB251352AEE74B60009260E /* NetworkManager.swift */ = {isa = PBXFileReference; lastKnownFileType = sourcecode.swift; path = NetworkManager.swift; sourceTree = "<group>"; };
		AEB251372AEE7BFA0009260E /* APError.swift */ = {isa = PBXFileReference; lastKnownFileType = sourcecode.swift; path = APError.swift; sourceTree = "<group>"; };
/* End PBXFileReference section */

/* Begin PBXFrameworksBuildPhase section */
		AE5B77302AEBCB810061DEC4 /* Frameworks */ = {
			isa = PBXFrameworksBuildPhase;
			buildActionMask = 2147483647;
			files = (
			);
			runOnlyForDeploymentPostprocessing = 0;
		};
/* End PBXFrameworksBuildPhase section */

/* Begin PBXGroup section */
		AE5B772A2AEBCB810061DEC4 = {
			isa = PBXGroup;
			children = (
				AE5B77352AEBCB810061DEC4 /* Appetizers */,
				AE5B77342AEBCB810061DEC4 /* Products */,
			);
			sourceTree = "<group>";
		};
		AE5B77342AEBCB810061DEC4 /* Products */ = {
			isa = PBXGroup;
			children = (
				AE5B77332AEBCB810061DEC4 /* Appetizers.app */,
			);
			name = Products;
			sourceTree = "<group>";
		};
		AE5B77352AEBCB810061DEC4 /* Appetizers */ = {
			isa = PBXGroup;
			children = (
				AEB251342AEE74A50009260E /* Utils */,
				AEB2512D2AED764A0009260E /* Model */,
				AE5B77442AEBCC8E0061DEC4 /* Screens */,
				AE5B77362AEBCB810061DEC4 /* AppetizersApp.swift */,
				AE5B773A2AEBCB820061DEC4 /* Assets.xcassets */,
				AE5B773C2AEBCB820061DEC4 /* Preview Content */,
			);
			path = Appetizers;
			sourceTree = "<group>";
		};
		AE5B773C2AEBCB820061DEC4 /* Preview Content */ = {
			isa = PBXGroup;
			children = (
				AE5B773D2AEBCB820061DEC4 /* Preview Assets.xcassets */,
			);
			path = "Preview Content";
			sourceTree = "<group>";
		};
		AE5B77442AEBCC8E0061DEC4 /* Screens */ = {
			isa = PBXGroup;
			children = (
				AEB251302AEE63A10009260E /* Views */,
				AE5B77452AEBCC940061DEC4 /* HomeView */,
				AE5B77462AEBCD060061DEC4 /* AppetizerListView */,
				AE5B774A2AEBCD720061DEC4 /* OrderView */,
				AE5B77492AEBCD620061DEC4 /* AccountView */,
			);
			path = Screens;
			sourceTree = "<group>";
		};
		AE5B77452AEBCC940061DEC4 /* HomeView */ = {
			isa = PBXGroup;
			children = (
				AE5B77382AEBCB810061DEC4 /* HomeView.swift */,
			);
			path = HomeView;
			sourceTree = "<group>";
		};
		AE5B77462AEBCD060061DEC4 /* AppetizerListView */ = {
			isa = PBXGroup;
			children = (
				AE5B77472AEBCD320061DEC4 /* AppetizerListView.swift */,
				AE958D4B2AEFFF1D002819D8 /* AppetizerListViewModel.swift */,
			);
			path = AppetizerListView;
			sourceTree = "<group>";
		};
		AE5B77492AEBCD620061DEC4 /* AccountView */ = {
			isa = PBXGroup;
			children = (
				AE5B774E2AEBCDB70061DEC4 /* AccountView.swift */,
			);
			path = AccountView;
			sourceTree = "<group>";
		};
		AE5B774A2AEBCD720061DEC4 /* OrderView */ = {
			isa = PBXGroup;
			children = (
				AE5B774B2AEBCDA60061DEC4 /* OrderView.swift */,
			);
			path = OrderView;
			sourceTree = "<group>";
		};
		AEB2512D2AED764A0009260E /* Model */ = {
			isa = PBXGroup;
			children = (
				AEB2512E2AED76610009260E /* Appetizer.swift */,
			);
			path = Model;
			sourceTree = "<group>";
		};
		AEB251302AEE63A10009260E /* Views */ = {
			isa = PBXGroup;
			children = (
				AEB251312AEE63AB0009260E /* View */,
			);
			path = Views;
			sourceTree = "<group>";
		};
		AEB251312AEE63AB0009260E /* View */ = {
			isa = PBXGroup;
			children = (
				AEB251322AEE63C80009260E /* AppetizerItemList.swift */,
			);
			path = View;
			sourceTree = "<group>";
		};
		AEB251342AEE74A50009260E /* Utils */ = {
			isa = PBXGroup;
			children = (
				AEB251352AEE74B60009260E /* NetworkManager.swift */,
				AEB251372AEE7BFA0009260E /* APError.swift */,
			);
			path = Utils;
			sourceTree = "<group>";
		};
/* End PBXGroup section */

/* Begin PBXNativeTarget section */
		AE5B77322AEBCB810061DEC4 /* Appetizers */ = {
			isa = PBXNativeTarget;
			buildConfigurationList = AE5B77412AEBCB820061DEC4 /* Build configuration list for PBXNativeTarget "Appetizers" */;
			buildPhases = (
				AE5B772F2AEBCB810061DEC4 /* Sources */,
				AE5B77302AEBCB810061DEC4 /* Frameworks */,
				AE5B77312AEBCB810061DEC4 /* Resources */,
			);
			buildRules = (
			);
			dependencies = (
			);
			name = Appetizers;
			productName = Appetizers;
			productReference = AE5B77332AEBCB810061DEC4 /* Appetizers.app */;
			productType = "com.apple.product-type.application";
		};
/* End PBXNativeTarget section */

/* Begin PBXProject section */
		AE5B772B2AEBCB810061DEC4 /* Project object */ = {
			isa = PBXProject;
			attributes = {
				BuildIndependentTargetsInParallel = 1;
				LastSwiftUpdateCheck = 1500;
				LastUpgradeCheck = 1500;
				TargetAttributes = {
					AE5B77322AEBCB810061DEC4 = {
						CreatedOnToolsVersion = 15.0.1;
					};
				};
			};
			buildConfigurationList = AE5B772E2AEBCB810061DEC4 /* Build configuration list for PBXProject "Appetizers" */;
			compatibilityVersion = "Xcode 14.0";
			developmentRegion = en;
			hasScannedForEncodings = 0;
			knownRegions = (
				en,
				Base,
			);
			mainGroup = AE5B772A2AEBCB810061DEC4;
			productRefGroup = AE5B77342AEBCB810061DEC4 /* Products */;
			projectDirPath = "";
			projectRoot = "";
			targets = (
				AE5B77322AEBCB810061DEC4 /* Appetizers */,
			);
		};
/* End PBXProject section */

/* Begin PBXResourcesBuildPhase section */
		AE5B77312AEBCB810061DEC4 /* Resources */ = {
			isa = PBXResourcesBuildPhase;
			buildActionMask = 2147483647;
			files = (
				AE5B773E2AEBCB820061DEC4 /* Preview Assets.xcassets in Resources */,
				AE5B773B2AEBCB820061DEC4 /* Assets.xcassets in Resources */,
			);
			runOnlyForDeploymentPostprocessing = 0;
		};
/* End PBXResourcesBuildPhase section */

/* Begin PBXSourcesBuildPhase section */
		AE5B772F2AEBCB810061DEC4 /* Sources */ = {
			isa = PBXSourcesBuildPhase;
			buildActionMask = 2147483647;
			files = (
				AEB2512F2AED76610009260E /* Appetizer.swift in Sources */,
				AE5B77392AEBCB810061DEC4 /* HomeView.swift in Sources */,
				AEB251382AEE7BFA0009260E /* APError.swift in Sources */,
				AE958D4C2AEFFF1D002819D8 /* AppetizerListViewModel.swift in Sources */,
				AE5B774C2AEBCDA60061DEC4 /* OrderView.swift in Sources */,
				AEB251332AEE63C80009260E /* AppetizerItemList.swift in Sources */,
				AEB251362AEE74B60009260E /* NetworkManager.swift in Sources */,
				AE5B77372AEBCB810061DEC4 /* AppetizersApp.swift in Sources */,
				AE5B77482AEBCD320061DEC4 /* AppetizerListView.swift in Sources */,
				AE5B774F2AEBCDB70061DEC4 /* AccountView.swift in Sources */,
			);
			runOnlyForDeploymentPostprocessing = 0;
		};
/* End PBXSourcesBuildPhase section */

/* Begin XCBuildConfiguration section */
		AE5B773F2AEBCB820061DEC4 /* Debug */ = {
			isa = XCBuildConfiguration;
			buildSettings = {
				ALWAYS_SEARCH_USER_PATHS = NO;
				ASSETCATALOG_COMPILER_GENERATE_SWIFT_ASSET_SYMBOL_EXTENSIONS = YES;
				CLANG_ANALYZER_NONNULL = YES;
				CLANG_ANALYZER_NUMBER_OBJECT_CONVERSION = YES_AGGRESSIVE;
				CLANG_CXX_LANGUAGE_STANDARD = "gnu++20";
				CLANG_ENABLE_MODULES = YES;
				CLANG_ENABLE_OBJC_ARC = YES;
				CLANG_ENABLE_OBJC_WEAK = YES;
				CLANG_WARN_BLOCK_CAPTURE_AUTORELEASING = YES;
				CLANG_WARN_BOOL_CONVERSION = YES;
				CLANG_WARN_COMMA = YES;
				CLANG_WARN_CONSTANT_CONVERSION = YES;
				CLANG_WARN_DEPRECATED_OBJC_IMPLEMENTATIONS = YES;
				CLANG_WARN_DIRECT_OBJC_ISA_USAGE = YES_ERROR;
				CLANG_WARN_DOCUMENTATION_COMMENTS = YES;
				CLANG_WARN_EMPTY_BODY = YES;
				CLANG_WARN_ENUM_CONVERSION = YES;
				CLANG_WARN_INFINITE_RECURSION = YES;
				CLANG_WARN_INT_CONVERSION = YES;
				CLANG_WARN_NON_LITERAL_NULL_CONVERSION = YES;
				CLANG_WARN_OBJC_IMPLICIT_RETAIN_SELF = YES;
				CLANG_WARN_OBJC_LITERAL_CONVERSION = YES;
				CLANG_WARN_OBJC_ROOT_CLASS = YES_ERROR;
				CLANG_WARN_QUOTED_INCLUDE_IN_FRAMEWORK_HEADER = YES;
				CLANG_WARN_RANGE_LOOP_ANALYSIS = YES;
				CLANG_WARN_STRICT_PROTOTYPES = YES;
				CLANG_WARN_SUSPICIOUS_MOVE = YES;
				CLANG_WARN_UNGUARDED_AVAILABILITY = YES_AGGRESSIVE;
				CLANG_WARN_UNREACHABLE_CODE = YES;
				CLANG_WARN__DUPLICATE_METHOD_MATCH = YES;
				COPY_PHASE_STRIP = NO;
				DEBUG_INFORMATION_FORMAT = dwarf;
				ENABLE_STRICT_OBJC_MSGSEND = YES;
				ENABLE_TESTABILITY = YES;
				ENABLE_USER_SCRIPT_SANDBOXING = YES;
				GCC_C_LANGUAGE_STANDARD = gnu17;
				GCC_DYNAMIC_NO_PIC = NO;
				GCC_NO_COMMON_BLOCKS = YES;
				GCC_OPTIMIZATION_LEVEL = 0;
				GCC_PREPROCESSOR_DEFINITIONS = (
					"DEBUG=1",
					"$(inherited)",
				);
				GCC_WARN_64_TO_32_BIT_CONVERSION = YES;
				GCC_WARN_ABOUT_RETURN_TYPE = YES_ERROR;
				GCC_WARN_UNDECLARED_SELECTOR = YES;
				GCC_WARN_UNINITIALIZED_AUTOS = YES_AGGRESSIVE;
				GCC_WARN_UNUSED_FUNCTION = YES;
				GCC_WARN_UNUSED_VARIABLE = YES;
				IPHONEOS_DEPLOYMENT_TARGET = 17.0;
				LOCALIZATION_PREFERS_STRING_CATALOGS = YES;
				MTL_ENABLE_DEBUG_INFO = INCLUDE_SOURCE;
				MTL_FAST_MATH = YES;
				ONLY_ACTIVE_ARCH = YES;
				SDKROOT = iphoneos;
				SWIFT_ACTIVE_COMPILATION_CONDITIONS = "DEBUG $(inherited)";
				SWIFT_OPTIMIZATION_LEVEL = "-Onone";
			};
			name = Debug;
		};
		AE5B77402AEBCB820061DEC4 /* Release */ = {
			isa = XCBuildConfiguration;
			buildSettings = {
				ALWAYS_SEARCH_USER_PATHS = NO;
				ASSETCATALOG_COMPILER_GENERATE_SWIFT_ASSET_SYMBOL_EXTENSIONS = YES;
				CLANG_ANALYZER_NONNULL = YES;
				CLANG_ANALYZER_NUMBER_OBJECT_CONVERSION = YES_AGGRESSIVE;
				CLANG_CXX_LANGUAGE_STANDARD = "gnu++20";
				CLANG_ENABLE_MODULES = YES;
				CLANG_ENABLE_OBJC_ARC = YES;
				CLANG_ENABLE_OBJC_WEAK = YES;
				CLANG_WARN_BLOCK_CAPTURE_AUTORELEASING = YES;
				CLANG_WARN_BOOL_CONVERSION = YES;
				CLANG_WARN_COMMA = YES;
				CLANG_WARN_CONSTANT_CONVERSION = YES;
				CLANG_WARN_DEPRECATED_OBJC_IMPLEMENTATIONS = YES;
				CLANG_WARN_DIRECT_OBJC_ISA_USAGE = YES_ERROR;
				CLANG_WARN_DOCUMENTATION_COMMENTS = YES;
				CLANG_WARN_EMPTY_BODY = YES;
				CLANG_WARN_ENUM_CONVERSION = YES;
				CLANG_WARN_INFINITE_RECURSION = YES;
				CLANG_WARN_INT_CONVERSION = YES;
				CLANG_WARN_NON_LITERAL_NULL_CONVERSION = YES;
				CLANG_WARN_OBJC_IMPLICIT_RETAIN_SELF = YES;
				CLANG_WARN_OBJC_LITERAL_CONVERSION = YES;
				CLANG_WARN_OBJC_ROOT_CLASS = YES_ERROR;
				CLANG_WARN_QUOTED_INCLUDE_IN_FRAMEWORK_HEADER = YES;
				CLANG_WARN_RANGE_LOOP_ANALYSIS = YES;
				CLANG_WARN_STRICT_PROTOTYPES = YES;
				CLANG_WARN_SUSPICIOUS_MOVE = YES;
				CLANG_WARN_UNGUARDED_AVAILABILITY = YES_AGGRESSIVE;
				CLANG_WARN_UNREACHABLE_CODE = YES;
				CLANG_WARN__DUPLICATE_METHOD_MATCH = YES;
				COPY_PHASE_STRIP = NO;
				DEBUG_INFORMATION_FORMAT = "dwarf-with-dsym";
				ENABLE_NS_ASSERTIONS = NO;
				ENABLE_STRICT_OBJC_MSGSEND = YES;
				ENABLE_USER_SCRIPT_SANDBOXING = YES;
				GCC_C_LANGUAGE_STANDARD = gnu17;
				GCC_NO_COMMON_BLOCKS = YES;
				GCC_WARN_64_TO_32_BIT_CONVERSION = YES;
				GCC_WARN_ABOUT_RETURN_TYPE = YES_ERROR;
				GCC_WARN_UNDECLARED_SELECTOR = YES;
				GCC_WARN_UNINITIALIZED_AUTOS = YES_AGGRESSIVE;
				GCC_WARN_UNUSED_FUNCTION = YES;
				GCC_WARN_UNUSED_VARIABLE = YES;
				IPHONEOS_DEPLOYMENT_TARGET = 17.0;
				LOCALIZATION_PREFERS_STRING_CATALOGS = YES;
				MTL_ENABLE_DEBUG_INFO = NO;
				MTL_FAST_MATH = YES;
				SDKROOT = iphoneos;
				SWIFT_COMPILATION_MODE = wholemodule;
				VALIDATE_PRODUCT = YES;
			};
			name = Release;
		};
		AE5B77422AEBCB820061DEC4 /* Debug */ = {
			isa = XCBuildConfiguration;
			buildSettings = {
				ASSETCATALOG_COMPILER_APPICON_NAME = AppIcon;
				ASSETCATALOG_COMPILER_GLOBAL_ACCENT_COLOR_NAME = AccentColor;
				CODE_SIGN_STYLE = Automatic;
				CURRENT_PROJECT_VERSION = 1;
				DEVELOPMENT_ASSET_PATHS = "\"Appetizers/Preview Content\"";
				DEVELOPMENT_TEAM = 2GN2CM9M75;
				ENABLE_PREVIEWS = YES;
				GENERATE_INFOPLIST_FILE = YES;
				INFOPLIST_KEY_UIApplicationSceneManifest_Generation = YES;
				INFOPLIST_KEY_UIApplicationSupportsIndirectInputEvents = YES;
				INFOPLIST_KEY_UILaunchScreen_Generation = YES;
				INFOPLIST_KEY_UISupportedInterfaceOrientations_iPad = "UIInterfaceOrientationPortrait UIInterfaceOrientationPortraitUpsideDown UIInterfaceOrientationLandscapeLeft UIInterfaceOrientationLandscapeRight";
				INFOPLIST_KEY_UISupportedInterfaceOrientations_iPhone = "UIInterfaceOrientationPortrait UIInterfaceOrientationLandscapeLeft UIInterfaceOrientationLandscapeRight";
				LD_RUNPATH_SEARCH_PATHS = (
					"$(inherited)",
					"@executable_path/Frameworks",
				);
				MARKETING_VERSION = 1.0;
				PRODUCT_BUNDLE_IDENTIFIER = com.lex.Appetizers;
				PRODUCT_NAME = "$(TARGET_NAME)";
				SWIFT_EMIT_LOC_STRINGS = YES;
				SWIFT_VERSION = 5.0;
				TARGETED_DEVICE_FAMILY = "1,2";
			};
			name = Debug;
		};
		AE5B77432AEBCB820061DEC4 /* Release */ = {
			isa = XCBuildConfiguration;
			buildSettings = {
				ASSETCATALOG_COMPILER_APPICON_NAME = AppIcon;
				ASSETCATALOG_COMPILER_GLOBAL_ACCENT_COLOR_NAME = AccentColor;
				CODE_SIGN_STYLE = Automatic;
				CURRENT_PROJECT_VERSION = 1;
				DEVELOPMENT_ASSET_PATHS = "\"Appetizers/Preview Content\"";
				DEVELOPMENT_TEAM = 2GN2CM9M75;
				ENABLE_PREVIEWS = YES;
				GENERATE_INFOPLIST_FILE = YES;
				INFOPLIST_KEY_UIApplicationSceneManifest_Generation = YES;
				INFOPLIST_KEY_UIApplicationSupportsIndirectInputEvents = YES;
				INFOPLIST_KEY_UILaunchScreen_Generation = YES;
				INFOPLIST_KEY_UISupportedInterfaceOrientations_iPad = "UIInterfaceOrientationPortrait UIInterfaceOrientationPortraitUpsideDown UIInterfaceOrientationLandscapeLeft UIInterfaceOrientationLandscapeRight";
				INFOPLIST_KEY_UISupportedInterfaceOrientations_iPhone = "UIInterfaceOrientationPortrait UIInterfaceOrientationLandscapeLeft UIInterfaceOrientationLandscapeRight";
				LD_RUNPATH_SEARCH_PATHS = (
					"$(inherited)",
					"@executable_path/Frameworks",
				);
				MARKETING_VERSION = 1.0;
				PRODUCT_BUNDLE_IDENTIFIER = com.lex.Appetizers;
				PRODUCT_NAME = "$(TARGET_NAME)";
				SWIFT_EMIT_LOC_STRINGS = YES;
				SWIFT_VERSION = 5.0;
				TARGETED_DEVICE_FAMILY = "1,2";
			};
			name = Release;
		};
/* End XCBuildConfiguration section */

/* Begin XCConfigurationList section */
		AE5B772E2AEBCB810061DEC4 /* Build configuration list for PBXProject "Appetizers" */ = {
			isa = XCConfigurationList;
			buildConfigurations = (
				AE5B773F2AEBCB820061DEC4 /* Debug */,
				AE5B77402AEBCB820061DEC4 /* Release */,
			);
			defaultConfigurationIsVisible = 0;
			defaultConfigurationName = Release;
		};
		AE5B77412AEBCB820061DEC4 /* Build configuration list for PBXNativeTarget "Appetizers" */ = {
			isa = XCConfigurationList;
			buildConfigurations = (
				AE5B77422AEBCB820061DEC4 /* Debug */,
				AE5B77432AEBCB820061DEC4 /* Release */,
			);
			defaultConfigurationIsVisible = 0;
			defaultConfigurationName = Release;
		};
/* End XCConfigurationList section */
	};
	rootObject = AE5B772B2AEBCB810061DEC4 /* Project object */;
}
